{
  "name": "excalidraw-cli",
  "version": "0.1.0",
  "lockfileVersion": 3,
  "requires": true,
  "packages": {
    "": {
      "name": "excalidraw-cli",
      "version": "0.1.0",
      "license": "PolyForm-Noncommercial-1.0.0",
      "dependencies": {
        "@excalidraw/element": "^0.18.0-ffcb67b"
      },
      "bin": {
        "excalidraw": "bin/excalidraw"
      },
      "engines": {
        "node": ">=18"
      }
    },
    "node_modules/@excalidraw/common": {
      "version": "0.18.0-ffcb67b",
      "resolved": "https://registry.npmjs.org/@excalidraw/common/-/common-0.18.0-ffcb67b.tgz",
      "integrity": "sha512-7h6IcnStCbpJG3rjNippr2BZwkr+nZ3MZujXIc19L5bpauJF4ZM/7QOAV9uaNTNBxdPymbx0Zvub8pmofosfbQ==",
      "license": "MIT",
      "dependencies": {
        "tinycolor2": "1.6.0"
      }
    },
    "node_modules/@excalidraw/element": {
      "version": "0.18.0-ffcb67b",
      "resolved": "https://registry.npmjs.org/@excalidraw/element/-/element-0.18.0-ffcb67b.tgz",
      "integrity": "sha512-h6N4L93XFYB/tgsiVhUvi02+cNUnySadO7guvHMCUkbxt7zhp8O/7PrM85Kzvj7X3InwbrhNRWeNM89Dt/rWYw==",
      "license": "MIT",
      "dependencies": {
        "@excalidraw/common": "0.18.0-ffcb67b",
        "@excalidraw/math": "0.18.0-ffcb67b"
      }
    },
    "node_modules/@excalidraw/math": {
      "version": "0.18.0-ffcb67b",
      "resolved": "https://registry.npmjs.org/@excalidraw/math/-/math-0.18.0-ffcb67b.tgz",
      "integrity": "sha512-oyXxDoZ/+CFV6FnssNd8/iZyS/fDxfS/3QfDjbt29iW4swbrtrwJ/0rRhUcmG1S8HXDDM4+iUFrptmbxsCiybA==",
      "license": "MIT",
      "dependencies": {
        "@excalidraw/common": "0.18.0-ffcb67b"
      }
    },
    "node_modules/tinycolor2": {
      "version": "1.6.0",
      "resolved": "https://registry.npmjs.org/tinycolor2/-/tinycolor2-1.6.0.tgz",
      "integrity": "sha512-XPaBkWQJdsf3pLKJV9p4qN/S+fm2Oj8AIPo1BTUhg5oxkvm9+SVEGFdhyOz7tTdUTfvxMiAs4sp6/eZO2Ew+pw==",
      "license": "MIT"
    }
  }
}
